
Microsoft Visual Studio Solution File, Format Version 12.00
# Visual Studio Version 17
VisualStudioVersion = 17.5.002.0
MinimumVisualStudioVersion = 10.0.40219.1
Project("{9A19103F-16F7-4668-BE54-9A1E7A4F7556}") = "DisableWindowsDefender", "DisableWindowsDefender.csproj", "{F0157781-B5BD-4081-B4AC-09939BC2DAB3}"
EndProject
Global
	GlobalSection(SolutionConfigurationPlatforms) = preSolution
		Debug|Any CPU = Debug|Any CPU
		Release|Any CPU = Release|Any CPU
	EndGlobalSection
	GlobalSection(ProjectConfigurationPlatforms) = postSolution
		{F0157781-B5BD-4081-B4AC-09939BC2DAB3}.Debug|Any CPU.ActiveCfg = Debug|Any CPU
		{F0157781-B5BD-4081-B4AC-09939BC2DAB3}.Debug|Any CPU.Build.0 = Debug|Any CPU
		{F0157781-B5BD-4081-B4AC-09939BC2DAB3}.Release|Any CPU.ActiveCfg = Release|Any CPU
		{F0157781-B5BD-4081-B4AC-09939BC2DAB3}.Release|Any CPU.Build.0 = Release|Any CPU
	EndGlobalSection
	GlobalSection(SolutionProperties) = preSolution
		HideSolutionNode = FALSE
	EndGlobalSection
	GlobalSection(ExtensibilityGlobals) = postSolution
		SolutionGuid = {EB3BD782-2EB8-4D6D-8E2A-B1B576CAE130}
	EndGlobalSection
EndGlobal
